
Microsoft Visual Studio Solution File, Format Version 12.00
# Visual Studio Version 17
VisualStudioVersion = 17.9.34723.18
MinimumVisualStudioVersion = 10.0.40219.1
Project("{FAE04EC0-301F-11D3-BF4B-00C04F79EFBC}") = "AT_Assignment2_Project_NeelShukla", "AT_Assignment2_Project_NeelShukla\AT_Assignment2_Project_NeelShukla.csproj", "{A6C73827-25C5-4D79-91BC-665BE5BCDC39}"
EndProject
Global
	GlobalSection(SolutionConfigurationPlatforms) = preSolution
		Debug|Any CPU = Debug|Any CPU
		Release|Any CPU = Release|Any CPU
	EndGlobalSection
	GlobalSection(ProjectConfigurationPlatforms) = postSolution
		{A6C73827-25C5-4D79-91BC-665BE5BCDC39}.Debug|Any CPU.ActiveCfg = Debug|Any CPU
		{A6C73827-25C5-4D79-91BC-665BE5BCDC39}.Debug|Any CPU.Build.0 = Debug|Any CPU
		{A6C73827-25C5-4D79-91BC-665BE5BCDC39}.Release|Any CPU.ActiveCfg = Release|Any CPU
		{A6C73827-25C5-4D79-91BC-665BE5BCDC39}.Release|Any CPU.Build.0 = Release|Any CPU
	EndGlobalSection
	GlobalSection(SolutionProperties) = preSolution
		HideSolutionNode = FALSE
	EndGlobalSection
	GlobalSection(ExtensibilityGlobals) = postSolution
		SolutionGuid = {87D6C5F3-38F4-4CE5-ADCC-6F19520D5AF8}
	EndGlobalSection
EndGlobal
